
Microsoft Visual Studio Solution File, Format Version 12.00
# Visual Studio Version 17
VisualStudioVersion = 17.10.35122.118
MinimumVisualStudioVersion = 10.0.40219.1
Project("{9A19103F-16F7-4668-BE54-9A1E7A4F7556}") = "TasksManager", "TasksManager\TasksManager.csproj", "{E2CB2A9A-B644-4929-8EAB-973A14A0EAFE}"
EndProject
Project("{54A90642-561A-4BB1-A94E-469ADEE60C69}") = "taskmanagerclient", "TaskManagerClient\taskmanagerclient.esproj", "{903AD2DE-DFE0-486D-8C52-62311AAF6F11}"
EndProject
Global
	GlobalSection(SolutionConfigurationPlatforms) = preSolution
		Debug|Any CPU = Debug|Any CPU
		Release|Any CPU = Release|Any CPU
	EndGlobalSection
	GlobalSection(ProjectConfigurationPlatforms) = postSolution
		{E2CB2A9A-B644-4929-8EAB-973A14A0EAFE}.Debug|Any CPU.ActiveCfg = Debug|Any CPU
		{E2CB2A9A-B644-4929-8EAB-973A14A0EAFE}.Debug|Any CPU.Build.0 = Debug|Any CPU
		{E2CB2A9A-B644-4929-8EAB-973A14A0EAFE}.Release|Any CPU.ActiveCfg = Release|Any CPU
		{E2CB2A9A-B644-4929-8EAB-973A14A0EAFE}.Release|Any CPU.Build.0 = Release|Any CPU
		{903AD2DE-DFE0-486D-8C52-62311AAF6F11}.Debug|Any CPU.ActiveCfg = Debug|Any CPU
		{903AD2DE-DFE0-486D-8C52-62311AAF6F11}.Debug|Any CPU.Build.0 = Debug|Any CPU
		{903AD2DE-DFE0-486D-8C52-62311AAF6F11}.Debug|Any CPU.Deploy.0 = Debug|Any CPU
		{903AD2DE-DFE0-486D-8C52-62311AAF6F11}.Release|Any CPU.ActiveCfg = Release|Any CPU
		{903AD2DE-DFE0-486D-8C52-62311AAF6F11}.Release|Any CPU.Build.0 = Release|Any CPU
		{903AD2DE-DFE0-486D-8C52-62311AAF6F11}.Release|Any CPU.Deploy.0 = Release|Any CPU
	EndGlobalSection
	GlobalSection(SolutionProperties) = preSolution
		HideSolutionNode = FALSE
	EndGlobalSection
	GlobalSection(ExtensibilityGlobals) = postSolution
		SolutionGuid = {07553EEF-F676-4E3D-A87F-A014D9C069A5}
	EndGlobalSection
EndGlobal
